
Microsoft Visual Studio Solution File, Format Version 12.00
# Visual Studio Version 17
VisualStudioVersion = 17.5.002.0
MinimumVisualStudioVersion = 10.0.40219.1
Project("{9A19103F-16F7-4668-BE54-9A1E7A4F7556}") = "CIF2GTFS", "CIF2GTFS.csproj", "{6B09F061-643F-4401-9300-5D71542AC5D5}"
EndProject
Global
	GlobalSection(SolutionConfigurationPlatforms) = preSolution
		Debug|Any CPU = Debug|Any CPU
		Release|Any CPU = Release|Any CPU
	EndGlobalSection
	GlobalSection(ProjectConfigurationPlatforms) = postSolution
		{6B09F061-643F-4401-9300-5D71542AC5D5}.Debug|Any CPU.ActiveCfg = Debug|Any CPU
		{6B09F061-643F-4401-9300-5D71542AC5D5}.Debug|Any CPU.Build.0 = Debug|Any CPU
		{6B09F061-643F-4401-9300-5D71542AC5D5}.Release|Any CPU.ActiveCfg = Release|Any CPU
		{6B09F061-643F-4401-9300-5D71542AC5D5}.Release|Any CPU.Build.0 = Release|Any CPU
	EndGlobalSection
	GlobalSection(SolutionProperties) = preSolution
		HideSolutionNode = FALSE
	EndGlobalSection
	GlobalSection(ExtensibilityGlobals) = postSolution
		SolutionGuid = {9826C9E2-EF6F-41FA-B771-D04614BF1960}
	EndGlobalSection
EndGlobal
